Microsoft Visual Studio Solution File, Format Version 12.00
# Visual Studio Version 16
VisualStudioVersion = 16.0.30011.22
MinimumVisualStudioVersion = 10.0.40219.1
Project("{2150E333-8FDC-42A3-9474-1A3956D46DE8}") = "Presentation", "Presentation", "{D3B937FC-3E6F-471D-A111-B695369E9CE9}"
EndProject
Project("{9A19103F-16F7-4668-BE54-9A1E7A4F7556}") = "WebUi", "Presentation\WebUi\WebUi.csproj", "{C687316A-7288-419D-9CF5-674FF97E882B}"
EndProject
Project("{2150E333-8FDC-42A3-9474-1A3956D46DE8}") = "Core", "Core", "{5A5773B3-2734-498D-BABE-8E9BE288062A}"
EndProject
Project("{2150E333-8FDC-42A3-9474-1A3956D46DE8}") = "Infrastructure", "Infrastructure", "{CB3608DE-E8AF-48DB-8257-655872F6C5CE}"
EndProject
Project("{2150E333-8FDC-42A3-9474-1A3956D46DE8}") = "Solution Items", "Solution Items", "{F94D95E6-AA51-4C3A-B6E7-EB4E63056A8F}"
	ProjectSection(SolutionItems) = preProject
		.editorconfig = .editorconfig
	EndProjectSection
EndProject
Project("{2150E333-8FDC-42A3-9474-1A3956D46DE8}") = "Tests", "Tests", "{67CAE2B1-5A81-40F6-8877-5048A146AD58}"
EndProject
Project("{2150E333-8FDC-42A3-9474-1A3956D46DE8}") = "Infrastructure", "Infrastructure", "{750D465A-18C1-47BC-BD8E-94603A821F5D}"
EndProject
Project("{9A19103F-16F7-4668-BE54-9A1E7A4F7556}") = "Processes", "Infrastructure\Processes\Processes.csproj", "{354FAD9D-B6EF-47DD-83F4-52710D626DB7}"
EndProject
Project("{9A19103F-16F7-4668-BE54-9A1E7A4F7556}") = "TestingUtils", "Tests\TestingUtils\TestingUtils.csproj", "{784D63EA-79CD-43CF-B49E-690E5DFC1378}"
EndProject
Project("{9A19103F-16F7-4668-BE54-9A1E7A4F7556}") = "CameraControl", "Core\CameraControl\CameraControl.csproj", "{42F9B1ED-34B8-4207-9B8D-64FF10FE6C3B}"
EndProject
Project("{2150E333-8FDC-42A3-9474-1A3956D46DE8}") = "CameraControl", "CameraControl", "{EC14DA5A-3789-47F8-9DF5-706FEF5FC912}"
EndProject
Project("{9A19103F-16F7-4668-BE54-9A1E7A4F7556}") = "GphotoCameraControl", "Infrastructure\CameraControl\GphotoCameraControl\GphotoCameraControl.csproj", "{AC16DB6E-E87F-4140-ABBB-0E2A7C758F3D}"
EndProject
Project("{2150E333-8FDC-42A3-9474-1A3956D46DE8}") = "CameraControl", "CameraControl", "{E975EF2E-F3D9-4ABC-BA2A-80B5A7316776}"
EndProject
Project("{9A19103F-16F7-4668-BE54-9A1E7A4F7556}") = "GphotoCameraControl.Tests", "Tests\Infrastructure\CameraControl\GphotoCameraControl.Tests\GphotoCameraControl.Tests.csproj", "{A48D784E-A3DF-4C7F-9BB8-D8169DFE1348}"
EndProject
Project("{2150E333-8FDC-42A3-9474-1A3956D46DE8}") = "Common", "Common", "{21088E86-E4B3-4366-9C2D-D6D18FF68685}"
EndProject
Project("{9A19103F-16F7-4668-BE54-9A1E7A4F7556}") = "CommonMappingUtils", "Common\CommonMappingUtils\CommonMappingUtils.csproj", "{9E5CD230-5E62-44AC-A649-306461C13F45}"
EndProject
Project("{FAE04EC0-301F-11D3-BF4B-00C04F79EFBC}") = "FakeCameraControl", "Infrastructure\CameraControl\FakeCameraControl\FakeCameraControl.csproj", "{163512A0-1D24-4CA0-BAFD-F81F9BAFFB1C}"
EndProject
Global
	GlobalSection(SolutionConfigurationPlatforms) = preSolution
		Debug|Any CPU = Debug|Any CPU
		Release|Any CPU = Release|Any CPU
	EndGlobalSection
	GlobalSection(ProjectConfigurationPlatforms) = postSolution
		{C687316A-7288-419D-9CF5-674FF97E882B}.Debug|Any CPU.ActiveCfg = Debug|Any CPU
		{C687316A-7288-419D-9CF5-674FF97E882B}.Debug|Any CPU.Build.0 = Debug|Any CPU
		{C687316A-7288-419D-9CF5-674FF97E882B}.Release|Any CPU.ActiveCfg = Release|Any CPU
		{C687316A-7288-419D-9CF5-674FF97E882B}.Release|Any CPU.Build.0 = Release|Any CPU
		{354FAD9D-B6EF-47DD-83F4-52710D626DB7}.Debug|Any CPU.ActiveCfg = Debug|Any CPU
		{354FAD9D-B6EF-47DD-83F4-52710D626DB7}.Debug|Any CPU.Build.0 = Debug|Any CPU
		{354FAD9D-B6EF-47DD-83F4-52710D626DB7}.Release|Any CPU.ActiveCfg = Release|Any CPU
		{354FAD9D-B6EF-47DD-83F4-52710D626DB7}.Release|Any CPU.Build.0 = Release|Any CPU
		{784D63EA-79CD-43CF-B49E-690E5DFC1378}.Debug|Any CPU.ActiveCfg = Debug|Any CPU
		{784D63EA-79CD-43CF-B49E-690E5DFC1378}.Debug|Any CPU.Build.0 = Debug|Any CPU
		{784D63EA-79CD-43CF-B49E-690E5DFC1378}.Release|Any CPU.ActiveCfg = Release|Any CPU
		{784D63EA-79CD-43CF-B49E-690E5DFC1378}.Release|Any CPU.Build.0 = Release|Any CPU
		{42F9B1ED-34B8-4207-9B8D-64FF10FE6C3B}.Debug|Any CPU.ActiveCfg = Debug|Any CPU
		{42F9B1ED-34B8-4207-9B8D-64FF10FE6C3B}.Debug|Any CPU.Build.0 = Debug|Any CPU
		{42F9B1ED-34B8-4207-9B8D-64FF10FE6C3B}.Release|Any CPU.ActiveCfg = Release|Any CPU
		{42F9B1ED-34B8-4207-9B8D-64FF10FE6C3B}.Release|Any CPU.Build.0 = Release|Any CPU
		{AC16DB6E-E87F-4140-ABBB-0E2A7C758F3D}.Debug|Any CPU.ActiveCfg = Debug|Any CPU
		{AC16DB6E-E87F-4140-ABBB-0E2A7C758F3D}.Debug|Any CPU.Build.0 = Debug|Any CPU
		{AC16DB6E-E87F-4140-ABBB-0E2A7C758F3D}.Release|Any CPU.ActiveCfg = Release|Any CPU
		{AC16DB6E-E87F-4140-ABBB-0E2A7C758F3D}.Release|Any CPU.Build.0 = Release|Any CPU
		{A48D784E-A3DF-4C7F-9BB8-D8169DFE1348}.Debug|Any CPU.ActiveCfg = Debug|Any CPU
		{A48D784E-A3DF-4C7F-9BB8-D8169DFE1348}.Debug|Any CPU.Build.0 = Debug|Any CPU
		{A48D784E-A3DF-4C7F-9BB8-D8169DFE1348}.Release|Any CPU.ActiveCfg = Release|Any CPU
		{A48D784E-A3DF-4C7F-9BB8-D8169DFE1348}.Release|Any CPU.Build.0 = Release|Any CPU
		{9E5CD230-5E62-44AC-A649-306461C13F45}.Debug|Any CPU.ActiveCfg = Debug|Any CPU
		{9E5CD230-5E62-44AC-A649-306461C13F45}.Debug|Any CPU.Build.0 = Debug|Any CPU
		{9E5CD230-5E62-44AC-A649-306461C13F45}.Release|Any CPU.ActiveCfg = Release|Any CPU
		{9E5CD230-5E62-44AC-A649-306461C13F45}.Release|Any CPU.Build.0 = Release|Any CPU
		{163512A0-1D24-4CA0-BAFD-F81F9BAFFB1C}.Debug|Any CPU.ActiveCfg = Debug|Any CPU
		{163512A0-1D24-4CA0-BAFD-F81F9BAFFB1C}.Debug|Any CPU.Build.0 = Debug|Any CPU
		{163512A0-1D24-4CA0-BAFD-F81F9BAFFB1C}.Release|Any CPU.ActiveCfg = Release|Any CPU
		{163512A0-1D24-4CA0-BAFD-F81F9BAFFB1C}.Release|Any CPU.Build.0 = Release|Any CPU
	EndGlobalSection
	GlobalSection(SolutionProperties) = preSolution
		HideSolutionNode = FALSE
	EndGlobalSection
	GlobalSection(NestedProjects) = preSolution
		{C687316A-7288-419D-9CF5-674FF97E882B} = {D3B937FC-3E6F-471D-A111-B695369E9CE9}
		{750D465A-18C1-47BC-BD8E-94603A821F5D} = {67CAE2B1-5A81-40F6-8877-5048A146AD58}
		{354FAD9D-B6EF-47DD-83F4-52710D626DB7} = {CB3608DE-E8AF-48DB-8257-655872F6C5CE}
		{784D63EA-79CD-43CF-B49E-690E5DFC1378} = {67CAE2B1-5A81-40F6-8877-5048A146AD58}
		{42F9B1ED-34B8-4207-9B8D-64FF10FE6C3B} = {5A5773B3-2734-498D-BABE-8E9BE288062A}
		{EC14DA5A-3789-47F8-9DF5-706FEF5FC912} = {CB3608DE-E8AF-48DB-8257-655872F6C5CE}
		{AC16DB6E-E87F-4140-ABBB-0E2A7C758F3D} = {EC14DA5A-3789-47F8-9DF5-706FEF5FC912}
		{E975EF2E-F3D9-4ABC-BA2A-80B5A7316776} = {750D465A-18C1-47BC-BD8E-94603A821F5D}
		{A48D784E-A3DF-4C7F-9BB8-D8169DFE1348} = {E975EF2E-F3D9-4ABC-BA2A-80B5A7316776}
		{9E5CD230-5E62-44AC-A649-306461C13F45} = {21088E86-E4B3-4366-9C2D-D6D18FF68685}
		{163512A0-1D24-4CA0-BAFD-F81F9BAFFB1C} = {EC14DA5A-3789-47F8-9DF5-706FEF5FC912}
	EndGlobalSection
	GlobalSection(ExtensibilityGlobals) = postSolution
		SolutionGuid = {D395E15E-E4B5-418D-B59B-6DA90C649C42}
	EndGlobalSection
EndGlobal
