
Microsoft Visual Studio Solution File, Format Version 12.00
# Visual Studio 15
Project("{2150E333-8FDC-42A3-9474-1A3956D46DE8}") = "Presentation", "Presentation", "{D3B937FC-3E6F-471D-A111-B695369E9CE9}"
EndProject
Project("{FAE04EC0-301F-11D3-BF4B-00C04F79EFBC}") = "WebUi", "Presentation\WebUi\WebUi.csproj", "{C687316A-7288-419D-9CF5-674FF97E882B}"
EndProject
Project("{2150E333-8FDC-42A3-9474-1A3956D46DE8}") = "Core", "Core", "{5A5773B3-2734-498D-BABE-8E9BE288062A}"
EndProject
Project("{2150E333-8FDC-42A3-9474-1A3956D46DE8}") = "Infrastructure", "Infrastructure", "{CB3608DE-E8AF-48DB-8257-655872F6C5CE}"
EndProject
Project("{FAE04EC0-301F-11D3-BF4B-00C04F79EFBC}") = "Application", "Core\Application\Application.csproj", "{404F1B09-A3A2-44A4-A0E5-ED9B9A887CA8}"
EndProject
Project("{2150E333-8FDC-42A3-9474-1A3956D46DE8}") = "Solution Items", "Solution Items", "{F94D95E6-AA51-4C3A-B6E7-EB4E63056A8F}"
	ProjectSection(SolutionItems) = preProject
		.editorconfig = .editorconfig
	EndProjectSection
EndProject
Project("{FAE04EC0-301F-11D3-BF4B-00C04F79EFBC}") = "Cameras", "Infrastructure\Cameras\Cameras.csproj", "{20C9AD8D-DA7A-47DD-A011-4AD23E78CD38}"
EndProject
Global
	GlobalSection(SolutionConfigurationPlatforms) = preSolution
		Debug|Any CPU = Debug|Any CPU
		Release|Any CPU = Release|Any CPU
	EndGlobalSection
	GlobalSection(ProjectConfigurationPlatforms) = postSolution
		{C687316A-7288-419D-9CF5-674FF97E882B}.Debug|Any CPU.ActiveCfg = Debug|Any CPU
		{C687316A-7288-419D-9CF5-674FF97E882B}.Debug|Any CPU.Build.0 = Debug|Any CPU
		{C687316A-7288-419D-9CF5-674FF97E882B}.Release|Any CPU.ActiveCfg = Release|Any CPU
		{C687316A-7288-419D-9CF5-674FF97E882B}.Release|Any CPU.Build.0 = Release|Any CPU
		{404F1B09-A3A2-44A4-A0E5-ED9B9A887CA8}.Debug|Any CPU.ActiveCfg = Debug|Any CPU
		{404F1B09-A3A2-44A4-A0E5-ED9B9A887CA8}.Debug|Any CPU.Build.0 = Debug|Any CPU
		{404F1B09-A3A2-44A4-A0E5-ED9B9A887CA8}.Release|Any CPU.ActiveCfg = Release|Any CPU
		{404F1B09-A3A2-44A4-A0E5-ED9B9A887CA8}.Release|Any CPU.Build.0 = Release|Any CPU
		{20C9AD8D-DA7A-47DD-A011-4AD23E78CD38}.Debug|Any CPU.ActiveCfg = Debug|Any CPU
		{20C9AD8D-DA7A-47DD-A011-4AD23E78CD38}.Debug|Any CPU.Build.0 = Debug|Any CPU
		{20C9AD8D-DA7A-47DD-A011-4AD23E78CD38}.Release|Any CPU.ActiveCfg = Release|Any CPU
		{20C9AD8D-DA7A-47DD-A011-4AD23E78CD38}.Release|Any CPU.Build.0 = Release|Any CPU
	EndGlobalSection
	GlobalSection(NestedProjects) = preSolution
		{C687316A-7288-419D-9CF5-674FF97E882B} = {D3B937FC-3E6F-471D-A111-B695369E9CE9}
		{404F1B09-A3A2-44A4-A0E5-ED9B9A887CA8} = {5A5773B3-2734-498D-BABE-8E9BE288062A}
		{20C9AD8D-DA7A-47DD-A011-4AD23E78CD38} = {CB3608DE-E8AF-48DB-8257-655872F6C5CE}
	EndGlobalSection
EndGlobal
